
Microsoft Visual Studio Solution File, Format Version 12.00
# Visual Studio Version 17
VisualStudioVersion = 17.5.002.0
MinimumVisualStudioVersion = 10.0.40219.1
Project("{9A19103F-16F7-4668-BE54-9A1E7A4F7556}") = "ATMManagementApplication", "ATMManagementApplication.csproj", "{FBEB34E6-6B7B-457C-8F97-3986BEA1B913}"
EndProject
Global
	GlobalSection(SolutionConfigurationPlatforms) = preSolution
		Debug|Any CPU = Debug|Any CPU
		Release|Any CPU = Release|Any CPU
	EndGlobalSection
	GlobalSection(ProjectConfigurationPlatforms) = postSolution
		{FBEB34E6-6B7B-457C-8F97-3986BEA1B913}.Debug|Any CPU.ActiveCfg = Debug|Any CPU
		{FBEB34E6-6B7B-457C-8F97-3986BEA1B913}.Debug|Any CPU.Build.0 = Debug|Any CPU
		{FBEB34E6-6B7B-457C-8F97-3986BEA1B913}.Release|Any CPU.ActiveCfg = Release|Any CPU
		{FBEB34E6-6B7B-457C-8F97-3986BEA1B913}.Release|Any CPU.Build.0 = Release|Any CPU
	EndGlobalSection
	GlobalSection(SolutionProperties) = preSolution
		HideSolutionNode = FALSE
	EndGlobalSection
	GlobalSection(ExtensibilityGlobals) = postSolution
		SolutionGuid = {50611DAA-3608-4CFA-8405-437CA2B6F842}
	EndGlobalSection
EndGlobal
